{
  "lockfile_version": "1",
  "packages": {
    "age-plugin-yubikey@latest": {
      "last_modified": "2024-10-13T23:44:06Z",
      "resolved": "github:NixOS/nixpkgs/d4f247e89f6e10120f911e2e2d2254a050d0f732#age-plugin-yubikey",
      "source": "devbox-search",
      "version": "0.5.0",
      "systems": {
        "aarch64-darwin": {
          "outputs": [
            {
              "name": "out",
              "path": "/nix/store/5ryvnnf0jwjvin44b041k399sgwjls5i-age-plugin-yubikey-0.5.0",
              "default": true
            }
          ],
          "store_path": "/nix/store/5ryvnnf0jwjvin44b041k399sgwjls5i-age-plugin-yubikey-0.5.0"
        },
        "aarch64-linux": {
          "outputs": [
            {
              "name": "out",
              "path": "/nix/store/znz9v9whv973d0szmpj0a3ph0473hsbp-age-plugin-yubikey-0.5.0",
              "default": true
            }
          ],
          "store_path": "/nix/store/znz9v9whv973d0szmpj0a3ph0473hsbp-age-plugin-yubikey-0.5.0"
        },
        "x86_64-darwin": {
          "outputs": [
            {
              "name": "out",
              "path": "/nix/store/qh6xqzyljcn7xv5lp0dixlcia5h60mpb-age-plugin-yubikey-0.5.0",
              "default": true
            }
          ],
          "store_path": "/nix/store/qh6xqzyljcn7xv5lp0dixlcia5h60mpb-age-plugin-yubikey-0.5.0"
        },
        "x86_64-linux": {
          "outputs": [
            {
              "name": "out",
              "path": "/nix/store/5l90lsvs0wlrqzw3jsm44a9chnykjmx9-age-plugin-yubikey-0.5.0",
              "default": true
            }
          ],
          "store_path": "/nix/store/5l90lsvs0wlrqzw3jsm44a9chnykjmx9-age-plugin-yubikey-0.5.0"
        }
      }
    },
    "age@latest": {
      "last_modified": "2024-09-10T15:01:03Z",
      "resolved": "github:NixOS/nixpkgs/5ed627539ac84809c78b2dd6d26a5cebeb5ae269#age",
      "source": "devbox-search",
      "version": "1.2.0",
      "systems": {
        "aarch64-darwin": {
          "outputs": [
            {
              "name": "out",
              "path": "/nix/store/31vajb04v7ii66jj6nvz65icddp1i60l-age-1.2.0",
              "default": true
            }
          ],
          "store_path": "/nix/store/31vajb04v7ii66jj6nvz65icddp1i60l-age-1.2.0"
        },
        "aarch64-linux": {
          "outputs": [
            {
              "name": "out",
              "path": "/nix/store/c8ll79zcg647xmp2bzfbwkyw08agd4v0-age-1.2.0",
              "default": true
            }
          ],
          "store_path": "/nix/store/c8ll79zcg647xmp2bzfbwkyw08agd4v0-age-1.2.0"
        },
        "x86_64-darwin": {
          "outputs": [
            {
              "name": "out",
              "path": "/nix/store/0svzfn9fvmz3yxn0p04k88ncd8wws7x9-age-1.2.0",
              "default": true
            }
          ],
          "store_path": "/nix/store/0svzfn9fvmz3yxn0p04k88ncd8wws7x9-age-1.2.0"
        },
        "x86_64-linux": {
          "outputs": [
            {
              "name": "out",
              "path": "/nix/store/325xqnz1ag5nqyims11nisix7lxlssqa-age-1.2.0",
              "default": true
            }
          ],
          "store_path": "/nix/store/325xqnz1ag5nqyims11nisix7lxlssqa-age-1.2.0"
        }
      }
    },
    "just": {
      "resolved": "github:NixOS/nixpkgs/75a52265bda7fd25e06e3a67dee3f0354e73243c#just",
      "source": "nixpkg"
    },
    "nixfmt@latest": {
      "last_modified": "2024-04-02T02:53:36Z",
      "resolved": "github:NixOS/nixpkgs/080a4a27f206d07724b88da096e27ef63401a504#nixfmt",
      "source": "devbox-search",
      "version": "0.6.0",
      "systems": {
        "aarch64-darwin": {
          "outputs": [
            {
              "name": "bin",
              "path": "/nix/store/rmm7lnjpv0rk84jwagjpl03iy9sj3flr-nixfmt-0.6.0-bin",
              "default": true
            },
            {
              "name": "doc",
              "path": "/nix/store/qixa3k5h6pf7p4albi9cnl4ip6nxky2l-nixfmt-0.6.0-doc"
            },
            {
              "name": "out",
              "path": "/nix/store/kgwl97k28id7igw8bk73c7s4lvib8yj1-nixfmt-0.6.0"
            }
          ],
          "store_path": "/nix/store/rmm7lnjpv0rk84jwagjpl03iy9sj3flr-nixfmt-0.6.0-bin"
        },
        "aarch64-linux": {
          "outputs": [
            {
              "name": "bin",
              "path": "/nix/store/3wh266flhkc3rla0wxisrbwvgwpwz18v-nixfmt-0.6.0-bin",
              "default": true
            },
            {
              "name": "out",
              "path": "/nix/store/1zpyhzc3slis08rng2878qwrfxjm23al-nixfmt-0.6.0"
            },
            {
              "name": "doc",
              "path": "/nix/store/cwsjahhpkm7c5jazb3xc0d4m72z6q0q6-nixfmt-0.6.0-doc"
            }
          ],
          "store_path": "/nix/store/3wh266flhkc3rla0wxisrbwvgwpwz18v-nixfmt-0.6.0-bin"
        },
        "x86_64-darwin": {
          "outputs": [
            {
              "name": "bin",
              "path": "/nix/store/nvxnlfd4av2ai16mvqjv5mrsbf0r0sxg-nixfmt-0.6.0-bin",
              "default": true
            },
            {
              "name": "doc",
              "path": "/nix/store/j0ndpnzjw9qjk8qhsvr3hf309v40ybgx-nixfmt-0.6.0-doc"
            },
            {
              "name": "out",
              "path": "/nix/store/nfi1yr0wy3ak8f86gg650mg26wd93pld-nixfmt-0.6.0"
            }
          ],
          "store_path": "/nix/store/nvxnlfd4av2ai16mvqjv5mrsbf0r0sxg-nixfmt-0.6.0-bin"
        },
        "x86_64-linux": {
          "outputs": [
            {
              "name": "bin",
              "path": "/nix/store/q4k3kb94fb9bgd76aa4plj4lksipbl52-nixfmt-0.6.0-bin",
              "default": true
            },
            {
              "name": "doc",
              "path": "/nix/store/83xc19p9yrzpnixs3i6hxb3zsma4d8mf-nixfmt-0.6.0-doc"
            },
            {
              "name": "out",
              "path": "/nix/store/a53qdzp29zy15q50ig3rysnwi2is29r5-nixfmt-0.6.0"
            }
          ],
          "store_path": "/nix/store/q4k3kb94fb9bgd76aa4plj4lksipbl52-nixfmt-0.6.0-bin"
        }
      }
    }
  }
}
